{
  "name": "swc-html-minify-bug-repro",
  "version": "1.0.0",
  "lockfileVersion": 3,
  "requires": true,
  "packages": {
    "": {
      "name": "swc-html-minify-bug-repro",
      "version": "1.0.0",
      "license": "ISC",
      "dependencies": {
        "@swc/html": "^1.15.21",
        "@types/node": "^24.1.0"
      }
    },
    "node_modules/@swc/counter": {
      "version": "0.1.3",
      "resolved": "https://registry.npmjs.org/@swc/counter/-/counter-0.1.3.tgz",
      "integrity": "sha512-e2BR4lsJkkRlKZ/qCHPw9ZaSxc0MVUd7gtbtaB7aMvHeJVYe8sOB8DBZkP2DtISHGSku9sCK6T6cnY0CtXrOCQ==",
      "license": "Apache-2.0"
    },
    "node_modules/@swc/html": {
      "version": "1.15.21",
      "resolved": "https://registry.npmjs.org/@swc/html/-/html-1.15.21.tgz",
      "integrity": "sha512-4Ez+CMLKseCnTpljt/aL55fDqhv53hpcVH7F/mmBOr2mwML7heJ7LwCDp3SLT3AJIGJJQyX1R5aIDA+Aaav7/Q==",
      "license": "Apache-2.0",
      "dependencies": {
        "@swc/counter": "^0.1.3"
      },
      "engines": {
        "node": ">=14"
      },
      "optionalDependencies": {
        "@swc/html-darwin-arm64": "1.15.21",
        "@swc/html-darwin-x64": "1.15.21",
        "@swc/html-linux-arm-gnueabihf": "1.15.21",
        "@swc/html-linux-arm64-gnu": "1.15.21",
        "@swc/html-linux-arm64-musl": "1.15.21",
        "@swc/html-linux-ppc64-gnu": "1.15.21",
        "@swc/html-linux-s390x-gnu": "1.15.21",
        "@swc/html-linux-x64-gnu": "1.15.21",
        "@swc/html-linux-x64-musl": "1.15.21",
        "@swc/html-win32-arm64-msvc": "1.15.21",
        "@swc/html-win32-ia32-msvc": "1.15.21",
        "@swc/html-win32-x64-msvc": "1.15.21"
      }
    },
    "node_modules/@swc/html-darwin-arm64": {
      "version": "1.15.21",
      "resolved": "https://registry.npmjs.org/@swc/html-darwin-arm64/-/html-darwin-arm64-1.15.21.tgz",
      "integrity": "sha512-zl/1R7R+SqjcK9mxO3A/G/Q3Oo7Pq1jNq7IeDSwCs00OrSuoO5aHYaGPoTc76IKdSV92rwrF//5wQMfqW1oMqg==",
      "cpu": [
        "arm64"
      ],
      "license": "Apache-2.0 AND MIT",
      "optional": true,
      "os": [
        "darwin"
      ],
      "engines": {
        "node": ">=10"
      }
    },
    "node_modules/@swc/html-darwin-x64": {
      "version": "1.15.21",
      "resolved": "https://registry.npmjs.org/@swc/html-darwin-x64/-/html-darwin-x64-1.15.21.tgz",
      "integrity": "sha512-Ywf5/izkcQhPcaQLPDymNjYRYzVTJ203F7CrIJSUcqmIglzJ9q01Tx4qQKZb9t/IKORLxX2jgX+n9Y+fRAkhzw==",
      "cpu": [
        "x64"
      ],
      "license": "Apache-2.0 AND MIT",
      "optional": true,
      "os": [
        "darwin"
      ],
      "engines": {
        "node": ">=10"
      }
    },
    "node_modules/@swc/html-linux-arm-gnueabihf": {
      "version": "1.15.21",
      "resolved": "https://registry.npmjs.org/@swc/html-linux-arm-gnueabihf/-/html-linux-arm-gnueabihf-1.15.21.tgz",
      "integrity": "sha512-vFKemaaIk6mPYC3jk1gjx1WPZt/bDZmt9pvYcyOSt2WJnHanlWJ0vwjOI1Qe+hfJvJw8x7WV+9/4FdinKNtNUQ==",
      "cpu": [
        "arm"
      ],
      "license": "Apache-2.0",
      "optional": true,
      "os": [
        "linux"
      ],
      "engines": {
        "node": ">=10"
      }
    },
    "node_modules/@swc/html-linux-arm64-gnu": {
      "version": "1.15.21",
      "resolved": "https://registry.npmjs.org/@swc/html-linux-arm64-gnu/-/html-linux-arm64-gnu-1.15.21.tgz",
      "integrity": "sha512-gEFIGzgc4GLzrOohFKmNpbdKMULTrML4kf+zGfWMs0X2ADM81h5lshnL0qMUluyA/hZSFnsYvyws/nrwTEwt7g==",
      "cpu": [
        "arm64"
      ],
      "license": "Apache-2.0 AND MIT",
      "optional": true,
      "os": [
        "linux"
      ],
      "engines": {
        "node": ">=10"
      }
    },
    "node_modules/@swc/html-linux-arm64-musl": {
      "version": "1.15.21",
      "resolved": "https://registry.npmjs.org/@swc/html-linux-arm64-musl/-/html-linux-arm64-musl-1.15.21.tgz",
      "integrity": "sha512-5nmn4R+piAjihLljH+Jwb9Gk2haycj8G6K9V9ZVNyDqaEYTAUYJZ8EHhc8TF7Ahpx5p3bk7P/f5477tSXYPCSQ==",
      "cpu": [
        "arm64"
      ],
      "license": "Apache-2.0 AND MIT",
      "optional": true,
      "os": [
        "linux"
      ],
      "engines": {
        "node": ">=10"
      }
    },
    "node_modules/@swc/html-linux-ppc64-gnu": {
      "version": "1.15.21",
      "resolved": "https://registry.npmjs.org/@swc/html-linux-ppc64-gnu/-/html-linux-ppc64-gnu-1.15.21.tgz",
      "integrity": "sha512-1IrCRrtajMB31w2r9tYW+PqlFqlURHkEGP2ANrY/Acy9XHagMsigkFDQipRDMN34l98stbCqY571dTaVgvtdkQ==",
      "cpu": [
        "ppc64"
      ],
      "license": "Apache-2.0 AND MIT",
      "optional": true,
      "os": [
        "linux"
      ],
      "engines": {
        "node": ">=10"
      }
    },
    "node_modules/@swc/html-linux-s390x-gnu": {
      "version": "1.15.21",
      "resolved": "https://registry.npmjs.org/@swc/html-linux-s390x-gnu/-/html-linux-s390x-gnu-1.15.21.tgz",
      "integrity": "sha512-crajxIQbREw1TZFhGtwl3R3bNuwCD/Vn5r3RwtxVtEHA8RyvR0pDdxydhtvw5/TWxZLTZMsLmjK94Zw8qxoW0A==",
      "cpu": [
        "s390x"
      ],
      "license": "Apache-2.0 AND MIT",
      "optional": true,
      "os": [
        "linux"
      ],
      "engines": {
        "node": ">=10"
      }
    },
    "node_modules/@swc/html-linux-x64-gnu": {
      "version": "1.15.21",
      "resolved": "https://registry.npmjs.org/@swc/html-linux-x64-gnu/-/html-linux-x64-gnu-1.15.21.tgz",
      "integrity": "sha512-ezjsD27nmghJCHWB4VZ938kiR6D8rzDCxLXpacrBCXCKmeP00136vKwVem8xnTsQ4ZXlqSCO3EtCEI+et7m2eQ==",
      "cpu": [
        "x64"
      ],
      "license": "Apache-2.0 AND MIT",
      "optional": true,
      "os": [
        "linux"
      ],
      "engines": {
        "node": ">=10"
      }
    },
    "node_modules/@swc/html-linux-x64-musl": {
      "version": "1.15.21",
      "resolved": "https://registry.npmjs.org/@swc/html-linux-x64-musl/-/html-linux-x64-musl-1.15.21.tgz",
      "integrity": "sha512-9lLrJ+Eaxu0qfIoJbrBW1sz0sxvPfN+A3lAt/Yq1eNoSyQExaoM6+IekkJtgpJBL5Gl0aM7o+cdwWtaizDKk7w==",
      "cpu": [
        "x64"
      ],
      "license": "Apache-2.0 AND MIT",
      "optional": true,
      "os": [
        "linux"
      ],
      "engines": {
        "node": ">=10"
      }
    },
    "node_modules/@swc/html-win32-arm64-msvc": {
      "version": "1.15.21",
      "resolved": "https://registry.npmjs.org/@swc/html-win32-arm64-msvc/-/html-win32-arm64-msvc-1.15.21.tgz",
      "integrity": "sha512-5Mya7l0yswu4LO9a+F9AQ6TQoWc9ee5NXEy8JTGiRVgE7tjZClp68HfS6QxZ4w3MrjtwngweNeoFnqKPQOlqiA==",
      "cpu": [
        "arm64"
      ],
      "license": "Apache-2.0 AND MIT",
      "optional": true,
      "os": [
        "win32"
      ],
      "engines": {
        "node": ">=10"
      }
    },
    "node_modules/@swc/html-win32-ia32-msvc": {
      "version": "1.15.21",
      "resolved": "https://registry.npmjs.org/@swc/html-win32-ia32-msvc/-/html-win32-ia32-msvc-1.15.21.tgz",
      "integrity": "sha512-XhMPG/JEDPRmZG/7ruGlMOXO2J/2WhJIIqed6UbVyJt6morKevokPrUTrnPjklCkNKJ6ifcq36cH7BO8p1Vl8Q==",
      "cpu": [
        "ia32"
      ],
      "license": "Apache-2.0 AND MIT",
      "optional": true,
      "os": [
        "win32"
      ],
      "engines": {
        "node": ">=10"
      }
    },
    "node_modules/@swc/html-win32-x64-msvc": {
      "version": "1.15.21",
      "resolved": "https://registry.npmjs.org/@swc/html-win32-x64-msvc/-/html-win32-x64-msvc-1.15.21.tgz",
      "integrity": "sha512-xRc3aWM5WY3sddHxUJqUF63L142MezT40IBg5T8BvXxZiWdEakVsMGFpQogez4IsgPdFhvVjKexMzE3BA5yvnw==",
      "cpu": [
        "x64"
      ],
      "license": "Apache-2.0 AND MIT",
      "optional": true,
      "os": [
        "win32"
      ],
      "engines": {
        "node": ">=10"
      }
    },
    "node_modules/@types/node": {
      "version": "24.12.0",
      "resolved": "https://registry.npmjs.org/@types/node/-/node-24.12.0.tgz",
      "integrity": "sha512-GYDxsZi3ChgmckRT9HPU0WEhKLP08ev/Yfcq2AstjrDASOYCSXeyjDsHg4v5t4jOj7cyDX3vmprafKlWIG9MXQ==",
      "license": "MIT",
      "dependencies": {
        "undici-types": "~7.16.0"
      }
    },
    "node_modules/undici-types": {
      "version": "7.16.0",
      "resolved": "https://registry.npmjs.org/undici-types/-/undici-types-7.16.0.tgz",
      "integrity": "sha512-Zz+aZWSj8LE6zoxD+xrjh4VfkIG8Ya6LvYkZqtUQGJPZjYl53ypCaUwWqo7eI0x66KBGeRo+mlBEkMSeSZ38Nw==",
      "license": "MIT"
    }
  }
}
